// !$*UTF8*$!
{
	archiveVersion = 1;
	classes = {
	};
	objectVersion = 50;
	objects = {

/* Begin PBXBuildFile section */
		27D0AD76259C4E1E00BD9A87 /* AppDelegate.swift in Sources */ = {isa = PBXBuildFile; fileRef = 27D0AD75259C4E1E00BD9A87 /* AppDelegate.swift */; };
		27D0AD78259C4E1E00BD9A87 /* SceneDelegate.swift in Sources */ = {isa = PBXBuildFile; fileRef = 27D0AD77259C4E1E00BD9A87 /* SceneDelegate.swift */; };
		27D0AD7A259C4E1E00BD9A87 /* ViewController.swift in Sources */ = {isa = PBXBuildFile; fileRef = 27D0AD79259C4E1E00BD9A87 /* ViewController.swift */; };
		27D0AD7D259C4E1E00BD9A87 /* Main.storyboard in Resources */ = {isa = PBXBuildFile; fileRef = 27D0AD7B259C4E1E00BD9A87 /* Main.storyboard */; };
		27D0AD7F259C4E2200BD9A87 /* Assets.xcassets in Resources */ = {isa = PBXBuildFile; fileRef = 27D0AD7E259C4E2200BD9A87 /* Assets.xcassets */; };
		27D0AD82259C4E2200BD9A87 /* LaunchScreen.storyboard in Resources */ = {isa = PBXBuildFile; fileRef = 27D0AD80259C4E2200BD9A87 /* LaunchScreen.storyboard */; };
		27D0AD8D259C4E2200BD9A87 /* Tip_CalculatorTests.swift in Sources */ = {isa = PBXBuildFile; fileRef = 27D0AD8C259C4E2200BD9A87 /* Tip_CalculatorTests.swift */; };
		27D0AD98259C4E2200BD9A87 /* Tip_CalculatorUITests.swift in Sources */ = {isa = PBXBuildFile; fileRef = 27D0AD97259C4E2200BD9A87 /* Tip_CalculatorUITests.swift */; };
/* End PBXBuildFile section */

/* Begin PBXContainerItemProxy section */
		27D0AD89259C4E2200BD9A87 /* PBXContainerItemProxy */ = {
			isa = PBXContainerItemProxy;
			containerPortal = 27D0AD6A259C4E1E00BD9A87 /* Project object */;
			proxyType = 1;
			remoteGlobalIDString = 27D0AD71259C4E1E00BD9A87;
			remoteInfo = "Tip Calculator";
		};
		27D0AD94259C4E2200BD9A87 /* PBXContainerItemProxy */ = {
			isa = PBXContainerItemProxy;
			containerPortal = 27D0AD6A259C4E1E00BD9A87 /* Project object */;
			proxyType = 1;
			remoteGlobalIDString = 27D0AD71259C4E1E00BD9A87;
			remoteInfo = "Tip Calculator";
		};
/* End PBXContainerItemProxy section */

/* Begin PBXFileReference section */
		27D0AD72259C4E1E00BD9A87 /* Tip Calculator.app */ = {isa = PBXFileReference; explicitFileType = wrapper.application; includeInIndex = 0; path = "Tip Calculator.app"; sourceTree = BUILT_PRODUCTS_DIR; };
		27D0AD75259C4E1E00BD9A87 /* AppDelegate.swift */ = {isa = PBXFileReference; lastKnownFileType = sourcecode.swift; path = AppDelegate.swift; sourceTree = "<group>"; };
		27D0AD77259C4E1E00BD9A87 /* SceneDelegate.swift */ = {isa = PBXFileReference; lastKnownFileType = sourcecode.swift; path = SceneDelegate.swift; sourceTree = "<group>"; };
		27D0AD79259C4E1E00BD9A87 /* ViewController.swift */ = {isa = PBXFileReference; lastKnownFileType = sourcecode.swift; path = ViewController.swift; sourceTree = "<group>"; };
		27D0AD7C259C4E1E00BD9A87 /* Base */ = {isa = PBXFileReference; lastKnownFileType = file.storyboard; name = Base; path = Base.lproj/Main.storyboard; sourceTree = "<group>"; };
		27D0AD7E259C4E2200BD9A87 /* Assets.xcassets */ = {isa = PBXFileReference; lastKnownFileType = folder.assetcatalog; path = Assets.xcassets; sourceTree = "<group>"; };
		27D0AD81259C4E2200BD9A87 /* Base */ = {isa = PBXFileReference; lastKnownFileType = file.storyboard; name = Base; path = Base.lproj/LaunchScreen.storyboard; sourceTree = "<group>"; };
		27D0AD83259C4E2200BD9A87 /* Info.plist */ = {isa = PBXFileReference; lastKnownFileType = text.plist.xml; path = Info.plist; sourceTree = "<group>"; };
		27D0AD88259C4E2200BD9A87 /* Tip CalculatorTests.xctest */ = {isa = PBXFileReference; explicitFileType = wrapper.cfbundle; includeInIndex = 0; path = "Tip CalculatorTests.xctest"; sourceTree = BUILT_PRODUCTS_DIR; };
		27D0AD8C259C4E2200BD9A87 /* Tip_CalculatorTests.swift */ = {isa = PBXFileReference; lastKnownFileType = sourcecode.swift; path = Tip_CalculatorTests.swift; sourceTree = "<group>"; };
		27D0AD8E259C4E2200BD9A87 /* Info.plist */ = {isa = PBXFileReference; lastKnownFileType = text.plist.xml; path = Info.plist; sourceTree = "<group>"; };
		27D0AD93259C4E2200BD9A87 /* Tip CalculatorUITests.xctest */ = {isa = PBXFileReference; explicitFileType = wrapper.cfbundle; includeInIndex = 0; path = "Tip CalculatorUITests.xctest"; sourceTree = BUILT_PRODUCTS_DIR; };
		27D0AD97259C4E2200BD9A87 /* Tip_CalculatorUITests.swift */ = {isa = PBXFileReference; lastKnownFileType = sourcecode.swift; path = Tip_CalculatorUITests.swift; sourceTree = "<group>"; };
		27D0AD99259C4E2200BD9A87 /* Info.plist */ = {isa = PBXFileReference; lastKnownFileType = text.plist.xml; path = Info.plist; sourceTree = "<group>"; };
/* End PBXFileReference section */

/* Begin PBXFrameworksBuildPhase section */
		27D0AD6F259C4E1E00BD9A87 /* Frameworks */ = {
			isa = PBXFrameworksBuildPhase;
			buildActionMask = 2147483647;
			files = (
			);
			runOnlyForDeploymentPostprocessing = 0;
		};
		27D0AD85259C4E2200BD9A87 /* Frameworks */ = {
			isa = PBXFrameworksBuildPhase;
			buildActionMask = 2147483647;
			files = (
			);
			runOnlyForDeploymentPostprocessing = 0;
		};
		27D0AD90259C4E2200BD9A87 /* Frameworks */ = {
			isa = PBXFrameworksBuildPhase;
			buildActionMask = 2147483647;
			files = (
			);
			runOnlyForDeploymentPostprocessing = 0;
		};
/* End PBXFrameworksBuildPhase section */

/* Begin PBXGroup section */
		27D0AD69259C4E1E00BD9A87 = {
			isa = PBXGroup;
			children = (
				27D0AD74259C4E1E00BD9A87 /* Tip Calculator */,
				27D0AD8B259C4E2200BD9A87 /* Tip CalculatorTests */,
				27D0AD96259C4E2200BD9A87 /* Tip CalculatorUITests */,
				27D0AD73259C4E1E00BD9A87 /* Products */,
			);
			sourceTree = "<group>";
		};
		27D0AD73259C4E1E00BD9A87 /* Products */ = {
			isa = PBXGroup;
			children = (
				27D0AD72259C4E1E00BD9A87 /* Tip Calculator.app */,
				27D0AD88259C4E2200BD9A87 /* Tip CalculatorTests.xctest */,
				27D0AD93259C4E2200BD9A87 /* Tip CalculatorUITests.xctest */,
			);
			name = Products;
			sourceTree = "<group>";
		};
		27D0AD74259C4E1E00BD9A87 /* Tip Calculator */ = {
			isa = PBXGroup;
			children = (
				27D0AD75259C4E1E00BD9A87 /* AppDelegate.swift */,
				27D0AD77259C4E1E00BD9A87 /* SceneDelegate.swift */,
				27D0AD79259C4E1E00BD9A87 /* ViewController.swift */,
				27D0AD7B259C4E1E00BD9A87 /* Main.storyboard */,
				27D0AD7E259C4E2200BD9A87 /* Assets.xcassets */,
				27D0AD80259C4E2200BD9A87 /* LaunchScreen.storyboard */,
				27D0AD83259C4E2200BD9A87 /* Info.plist */,
			);
			path = "Tip Calculator";
			sourceTree = "<group>";
		};
		27D0AD8B259C4E2200BD9A87 /* Tip CalculatorTests */ = {
			isa = PBXGroup;
			children = (
				27D0AD8C259C4E2200BD9A87 /* Tip_CalculatorTests.swift */,
				27D0AD8E259C4E2200BD9A87 /* Info.plist */,
			);
			path = "Tip CalculatorTests";
			sourceTree = "<group>";
		};
		27D0AD96259C4E2200BD9A87 /* Tip CalculatorUITests */ = {
			isa = PBXGroup;
			children = (
				27D0AD97259C4E2200BD9A87 /* Tip_CalculatorUITests.swift */,
				27D0AD99259C4E2200BD9A87 /* Info.plist */,
			);
			path = "Tip CalculatorUITests";
			sourceTree = "<group>";
		};
/* End PBXGroup section */

/* Begin PBXNativeTarget section */
		27D0AD71259C4E1E00BD9A87 /* Tip Calculator */ = {
			isa = PBXNativeTarget;
			buildConfigurationList = 27D0AD9C259C4E2200BD9A87 /* Build configuration list for PBXNativeTarget "Tip Calculator" */;
			buildPhases = (
				27D0AD6E259C4E1E00BD9A87 /* Sources */,
				27D0AD6F259C4E1E00BD9A87 /* Frameworks */,
				27D0AD70259C4E1E00BD9A87 /* Resources */,
			);
			buildRules = (
			);
			dependencies = (
			);
			name = "Tip Calculator";
			productName = "Tip Calculator";
			productReference = 27D0AD72259C4E1E00BD9A87 /* Tip Calculator.app */;
			productType = "com.apple.product-type.application";
		};
		27D0AD87259C4E2200BD9A87 /* Tip CalculatorTests */ = {
			isa = PBXNativeTarget;
			buildConfigurationList = 27D0AD9F259C4E2200BD9A87 /* Build configuration list for PBXNativeTarget "Tip CalculatorTests" */;
			buildPhases = (
				27D0AD84259C4E2200BD9A87 /* Sources */,
				27D0AD85259C4E2200BD9A87 /* Frameworks */,
				27D0AD86259C4E2200BD9A87 /* Resources */,
			);
			buildRules = (
			);
			dependencies = (
				27D0AD8A259C4E2200BD9A87 /* PBXTargetDependency */,
			);
			name = "Tip CalculatorTests";
			productName = "Tip CalculatorTests";
			productReference = 27D0AD88259C4E2200BD9A87 /* Tip CalculatorTests.xctest */;
			productType = "com.apple.product-type.bundle.unit-test";
		};
		27D0AD92259C4E2200BD9A87 /* Tip CalculatorUITests */ = {
			isa = PBXNativeTarget;
			buildConfigurationList = 27D0ADA2259C4E2200BD9A87 /* Build configuration list for PBXNativeTarget "Tip CalculatorUITests" */;
			buildPhases = (
				27D0AD8F259C4E2200BD9A87 /* Sources */,
				27D0AD90259C4E2200BD9A87 /* Frameworks */,
				27D0AD91259C4E2200BD9A87 /* Resources */,
			);
			buildRules = (
			);
			dependencies = (
				27D0AD95259C4E2200BD9A87 /* PBXTargetDependency */,
			);
			name = "Tip CalculatorUITests";
			productName = "Tip CalculatorUITests";
			productReference = 27D0AD93259C4E2200BD9A87 /* Tip CalculatorUITests.xctest */;
			productType = "com.apple.product-type.bundle.ui-testing";
		};
/* End PBXNativeTarget section */

/* Begin PBXProject section */
		27D0AD6A259C4E1E00BD9A87 /* Project object */ = {
			isa = PBXProject;
			attributes = {
				LastSwiftUpdateCheck = 1230;
				LastUpgradeCheck = 1230;
				TargetAttributes = {
					27D0AD71259C4E1E00BD9A87 = {
						CreatedOnToolsVersion = 12.3;
					};
					27D0AD87259C4E2200BD9A87 = {
						CreatedOnToolsVersion = 12.3;
						TestTargetID = 27D0AD71259C4E1E00BD9A87;
					};
					27D0AD92259C4E2200BD9A87 = {
						CreatedOnToolsVersion = 12.3;
						TestTargetID = 27D0AD71259C4E1E00BD9A87;
					};
				};
			};
			buildConfigurationList = 27D0AD6D259C4E1E00BD9A87 /* Build configuration list for PBXProject "Tip Calculator" */;
			compatibilityVersion = "Xcode 9.3";
			developmentRegion = en;
			hasScannedForEncodings = 0;
			knownRegions = (
				en,
				Base,
			);
			mainGroup = 27D0AD69259C4E1E00BD9A87;
			productRefGroup = 27D0AD73259C4E1E00BD9A87 /* Products */;
			projectDirPath = "";
			projectRoot = "";
			targets = (
				27D0AD71259C4E1E00BD9A87 /* Tip Calculator */,
				27D0AD87259C4E2200BD9A87 /* Tip CalculatorTests */,
				27D0AD92259C4E2200BD9A87 /* Tip CalculatorUITests */,
			);
		};
/* End PBXProject section */

/* Begin PBXResourcesBuildPhase section */
		27D0AD70259C4E1E00BD9A87 /* Resources */ = {
			isa = PBXResourcesBuildPhase;
			buildActionMask = 2147483647;
			files = (
				27D0AD82259C4E2200BD9A87 /* LaunchScreen.storyboard in Resources */,
				27D0AD7F259C4E2200BD9A87 /* Assets.xcassets in Resources */,
				27D0AD7D259C4E1E00BD9A87 /* Main.storyboard in Resources */,
			);
			runOnlyForDeploymentPostprocessing = 0;
		};
		27D0AD86259C4E2200BD9A87 /* Resources */ = {
			isa = PBXResourcesBuildPhase;
			buildActionMask = 2147483647;
			files = (
			);
			runOnlyForDeploymentPostprocessing = 0;
		};
		27D0AD91259C4E2200BD9A87 /* Resources */ = {
			isa = PBXResourcesBuildPhase;
			buildActionMask = 2147483647;
			files = (
			);
			runOnlyForDeploymentPostprocessing = 0;
		};
/* End PBXResourcesBuildPhase section */

/* Begin PBXSourcesBuildPhase section */
		27D0AD6E259C4E1E00BD9A87 /* Sources */ = {
			isa = PBXSourcesBuildPhase;
			buildActionMask = 2147483647;
			files = (
				27D0AD7A259C4E1E00BD9A87 /* ViewController.swift in Sources */,
				27D0AD76259C4E1E00BD9A87 /* AppDelegate.swift in Sources */,
				27D0AD78259C4E1E00BD9A87 /* SceneDelegate.swift in Sources */,
			);
			runOnlyForDeploymentPostprocessing = 0;
		};
		27D0AD84259C4E2200BD9A87 /* Sources */ = {
			isa = PBXSourcesBuildPhase;
			buildActionMask = 2147483647;
			files = (
				27D0AD8D259C4E2200BD9A87 /* Tip_CalculatorTests.swift in Sources */,
			);
			runOnlyForDeploymentPostprocessing = 0;
		};
		27D0AD8F259C4E2200BD9A87 /* Sources */ = {
			isa = PBXSourcesBuildPhase;
			buildActionMask = 2147483647;
			files = (
				27D0AD98259C4E2200BD9A87 /* Tip_CalculatorUITests.swift in Sources */,
			);
			runOnlyForDeploymentPostprocessing = 0;
		};
/* End PBXSourcesBuildPhase section */

/* Begin PBXTargetDependency section */
		27D0AD8A259C4E2200BD9A87 /* PBXTargetDependency */ = {
			isa = PBXTargetDependency;
			target = 27D0AD71259C4E1E00BD9A87 /* Tip Calculator */;
			targetProxy = 27D0AD89259C4E2200BD9A87 /* PBXContainerItemProxy */;
		};
		27D0AD95259C4E2200BD9A87 /* PBXTargetDependency */ = {
			isa = PBXTargetDependency;
			target = 27D0AD71259C4E1E00BD9A87 /* Tip Calculator */;
			targetProxy = 27D0AD94259C4E2200BD9A87 /* PBXContainerItemProxy */;
		};
/* End PBXTargetDependency section */

/* Begin PBXVariantGroup section */
		27D0AD7B259C4E1E00BD9A87 /* Main.storyboard */ = {
			isa = PBXVariantGroup;
			children = (
				27D0AD7C259C4E1E00BD9A87 /* Base */,
			);
			name = Main.storyboard;
			sourceTree = "<group>";
		};
		27D0AD80259C4E2200BD9A87 /* LaunchScreen.storyboard */ = {
			isa = PBXVariantGroup;
			children = (
				27D0AD81259C4E2200BD9A87 /* Base */,
			);
			name = LaunchScreen.storyboard;
			sourceTree = "<group>";
		};
/* End PBXVariantGroup section */

/* Begin XCBuildConfiguration section */
		27D0AD9A259C4E2200BD9A87 /* Debug */ = {
			isa = XCBuildConfiguration;
			buildSettings = {
				ALWAYS_SEARCH_USER_PATHS = NO;
				CLANG_ANALYZER_NONNULL = YES;
				CLANG_ANALYZER_NUMBER_OBJECT_CONVERSION = YES_AGGRESSIVE;
				CLANG_CXX_LANGUAGE_STANDARD = "gnu++14";
				CLANG_CXX_LIBRARY = "libc++";
				CLANG_ENABLE_MODULES = YES;
				CLANG_ENABLE_OBJC_ARC = YES;
				CLANG_ENABLE_OBJC_WEAK = YES;
				CLANG_WARN_BLOCK_CAPTURE_AUTORELEASING = YES;
				CLANG_WARN_BOOL_CONVERSION = YES;
				CLANG_WARN_COMMA = YES;
				CLANG_WARN_CONSTANT_CONVERSION = YES;
				CLANG_WARN_DEPRECATED_OBJC_IMPLEMENTATIONS = YES;
				CLANG_WARN_DIRECT_OBJC_ISA_USAGE = YES_ERROR;
				CLANG_WARN_DOCUMENTATION_COMMENTS = YES;
				CLANG_WARN_EMPTY_BODY = YES;
				CLANG_WARN_ENUM_CONVERSION = YES;
				CLANG_WARN_INFINITE_RECURSION = YES;
				CLANG_WARN_INT_CONVERSION = YES;
				CLANG_WARN_NON_LITERAL_NULL_CONVERSION = YES;
				CLANG_WARN_OBJC_IMPLICIT_RETAIN_SELF = YES;
				CLANG_WARN_OBJC_LITERAL_CONVERSION = YES;
				CLANG_WARN_OBJC_ROOT_CLASS = YES_ERROR;
				CLANG_WARN_QUOTED_INCLUDE_IN_FRAMEWORK_HEADER = YES;
				CLANG_WARN_RANGE_LOOP_ANALYSIS = YES;
				CLANG_WARN_STRICT_PROTOTYPES = YES;
				CLANG_WARN_SUSPICIOUS_MOVE = YES;
				CLANG_WARN_UNGUARDED_AVAILABILITY = YES_AGGRESSIVE;
				CLANG_WARN_UNREACHABLE_CODE = YES;
				CLANG_WARN__DUPLICATE_METHOD_MATCH = YES;
				COPY_PHASE_STRIP = NO;
				DEBUG_INFORMATION_FORMAT = dwarf;
				ENABLE_STRICT_OBJC_MSGSEND = YES;
				ENABLE_TESTABILITY = YES;
				GCC_C_LANGUAGE_STANDARD = gnu11;
				GCC_DYNAMIC_NO_PIC = NO;
				GCC_NO_COMMON_BLOCKS = YES;
				GCC_OPTIMIZATION_LEVEL = 0;
				GCC_PREPROCESSOR_DEFINITIONS = (
					"DEBUG=1",
					"$(inherited)",
				);
				GCC_WARN_64_TO_32_BIT_CONVERSION = YES;
				GCC_WARN_ABOUT_RETURN_TYPE = YES_ERROR;
				GCC_WARN_UNDECLARED_SELECTOR = YES;
				GCC_WARN_UNINITIALIZED_AUTOS = YES_AGGRESSIVE;
				GCC_WARN_UNUSED_FUNCTION = YES;
				GCC_WARN_UNUSED_VARIABLE = YES;
				IPHONEOS_DEPLOYMENT_TARGET = 14.3;
				MTL_ENABLE_DEBUG_INFO = INCLUDE_SOURCE;
				MTL_FAST_MATH = YES;
				ONLY_ACTIVE_ARCH = YES;
				SDKROOT = iphoneos;
				SWIFT_ACTIVE_COMPILATION_CONDITIONS = DEBUG;
				SWIFT_OPTIMIZATION_LEVEL = "-Onone";
			};
			name = Debug;
		};
		27D0AD9B259C4E2200BD9A87 /* Release */ = {
			isa = XCBuildConfiguration;
			buildSettings = {
				ALWAYS_SEARCH_USER_PATHS = NO;
				CLANG_ANALYZER_NONNULL = YES;
				CLANG_ANALYZER_NUMBER_OBJECT_CONVERSION = YES_AGGRESSIVE;
				CLANG_CXX_LANGUAGE_STANDARD = "gnu++14";
				CLANG_CXX_LIBRARY = "libc++";
				CLANG_ENABLE_MODULES = YES;
				CLANG_ENABLE_OBJC_ARC = YES;
				CLANG_ENABLE_OBJC_WEAK = YES;
				CLANG_WARN_BLOCK_CAPTURE_AUTORELEASING = YES;
				CLANG_WARN_BOOL_CONVERSION = YES;
				CLANG_WARN_COMMA = YES;
				CLANG_WARN_CONSTANT_CONVERSION = YES;
				CLANG_WARN_DEPRECATED_OBJC_IMPLEMENTATIONS = YES;
				CLANG_WARN_DIRECT_OBJC_ISA_USAGE = YES_ERROR;
				CLANG_WARN_DOCUMENTATION_COMMENTS = YES;
				CLANG_WARN_EMPTY_BODY = YES;
				CLANG_WARN_ENUM_CONVERSION = YES;
				CLANG_WARN_INFINITE_RECURSION = YES;
				CLANG_WARN_INT_CONVERSION = YES;
				CLANG_WARN_NON_LITERAL_NULL_CONVERSION = YES;
				CLANG_WARN_OBJC_IMPLICIT_RETAIN_SELF = YES;
				CLANG_WARN_OBJC_LITERAL_CONVERSION = YES;
				CLANG_WARN_OBJC_ROOT_CLASS = YES_ERROR;
				CLANG_WARN_QUOTED_INCLUDE_IN_FRAMEWORK_HEADER = YES;
				CLANG_WARN_RANGE_LOOP_ANALYSIS = YES;
				CLANG_WARN_STRICT_PROTOTYPES = YES;
				CLANG_WARN_SUSPICIOUS_MOVE = YES;
				CLANG_WARN_UNGUARDED_AVAILABILITY = YES_AGGRESSIVE;
				CLANG_WARN_UNREACHABLE_CODE = YES;
				CLANG_WARN__DUPLICATE_METHOD_MATCH = YES;
				COPY_PHASE_STRIP = NO;
				DEBUG_INFORMATION_FORMAT = "dwarf-with-dsym";
				ENABLE_NS_ASSERTIONS = NO;
				ENABLE_STRICT_OBJC_MSGSEND = YES;
				GCC_C_LANGUAGE_STANDARD = gnu11;
				GCC_NO_COMMON_BLOCKS = YES;
				GCC_WARN_64_TO_32_BIT_CONVERSION = YES;
				GCC_WARN_ABOUT_RETURN_TYPE = YES_ERROR;
				GCC_WARN_UNDECLARED_SELECTOR = YES;
				GCC_WARN_UNINITIALIZED_AUTOS = YES_AGGRESSIVE;
				GCC_WARN_UNUSED_FUNCTION = YES;
				GCC_WARN_UNUSED_VARIABLE = YES;
				IPHONEOS_DEPLOYMENT_TARGET = 14.3;
				MTL_ENABLE_DEBUG_INFO = NO;
				MTL_FAST_MATH = YES;
				SDKROOT = iphoneos;
				SWIFT_COMPILATION_MODE = wholemodule;
				SWIFT_OPTIMIZATION_LEVEL = "-O";
				VALIDATE_PRODUCT = YES;
			};
			name = Release;
		};
		27D0AD9D259C4E2200BD9A87 /* Debug */ = {
			isa = XCBuildConfiguration;
			buildSettings = {
				ASSETCATALOG_COMPILER_APPICON_NAME = AppIcon;
				ASSETCATALOG_COMPILER_GLOBAL_ACCENT_COLOR_NAME = AccentColor;
				CODE_SIGN_STYLE = Automatic;
				INFOPLIST_FILE = "Tip Calculator/Info.plist";
				LD_RUNPATH_SEARCH_PATHS = (
					"$(inherited)",
					"@executable_path/Frameworks",
				);
				PRODUCT_BUNDLE_IDENTIFIER = "memo.com.Tip-Calculator";
				PRODUCT_NAME = "$(TARGET_NAME)";
				SWIFT_VERSION = 5.0;
				TARGETED_DEVICE_FAMILY = "1,2";
			};
			name = Debug;
		};
		27D0AD9E259C4E2200BD9A87 /* Release */ = {
			isa = XCBuildConfiguration;
			buildSettings = {
				ASSETCATALOG_COMPILER_APPICON_NAME = AppIcon;
				ASSETCATALOG_COMPILER_GLOBAL_ACCENT_COLOR_NAME = AccentColor;
				CODE_SIGN_STYLE = Automatic;
				INFOPLIST_FILE = "Tip Calculator/Info.plist";
				LD_RUNPATH_SEARCH_PATHS = (
					"$(inherited)",
					"@executable_path/Frameworks",
				);
				PRODUCT_BUNDLE_IDENTIFIER = "memo.com.Tip-Calculator";
				PRODUCT_NAME = "$(TARGET_NAME)";
				SWIFT_VERSION = 5.0;
				TARGETED_DEVICE_FAMILY = "1,2";
			};
			name = Release;
		};
		27D0ADA0259C4E2200BD9A87 /* Debug */ = {
			isa = XCBuildConfiguration;
			buildSettings = {
				ALWAYS_EMBED_SWIFT_STANDARD_LIBRARIES = YES;
				BUNDLE_LOADER = "$(TEST_HOST)";
				CODE_SIGN_STYLE = Automatic;
				INFOPLIST_FILE = "Tip CalculatorTests/Info.plist";
				IPHONEOS_DEPLOYMENT_TARGET = 14.3;
				LD_RUNPATH_SEARCH_PATHS = (
					"$(inherited)",
					"@executable_path/Frameworks",
					"@loader_path/Frameworks",
				);
				PRODUCT_BUNDLE_IDENTIFIER = "memo.com.Tip-CalculatorTests";
				PRODUCT_NAME = "$(TARGET_NAME)";
				SWIFT_VERSION = 5.0;
				TARGETED_DEVICE_FAMILY = "1,2";
				TEST_HOST = "$(BUILT_PRODUCTS_DIR)/Tip Calculator.app/Tip Calculator";
			};
			name = Debug;
		};
		27D0ADA1259C4E2200BD9A87 /* Release */ = {
			isa = XCBuildConfiguration;
			buildSettings = {
				ALWAYS_EMBED_SWIFT_STANDARD_LIBRARIES = YES;
				BUNDLE_LOADER = "$(TEST_HOST)";
				CODE_SIGN_STYLE = Automatic;
				INFOPLIST_FILE = "Tip CalculatorTests/Info.plist";
				IPHONEOS_DEPLOYMENT_TARGET = 14.3;
				LD_RUNPATH_SEARCH_PATHS = (
					"$(inherited)",
					"@executable_path/Frameworks",
					"@loader_path/Frameworks",
				);
				PRODUCT_BUNDLE_IDENTIFIER = "memo.com.Tip-CalculatorTests";
				PRODUCT_NAME = "$(TARGET_NAME)";
				SWIFT_VERSION = 5.0;
				TARGETED_DEVICE_FAMILY = "1,2";
				TEST_HOST = "$(BUILT_PRODUCTS_DIR)/Tip Calculator.app/Tip Calculator";
			};
			name = Release;
		};
		27D0ADA3259C4E2200BD9A87 /* Debug */ = {
			isa = XCBuildConfiguration;
			buildSettings = {
				ALWAYS_EMBED_SWIFT_STANDARD_LIBRARIES = YES;
				CODE_SIGN_STYLE = Automatic;
				INFOPLIST_FILE = "Tip CalculatorUITests/Info.plist";
				LD_RUNPATH_SEARCH_PATHS = (
					"$(inherited)",
					"@executable_path/Frameworks",
					"@loader_path/Frameworks",
				);
				PRODUCT_BUNDLE_IDENTIFIER = "memo.com.Tip-CalculatorUITests";
				PRODUCT_NAME = "$(TARGET_NAME)";
				SWIFT_VERSION = 5.0;
				TARGETED_DEVICE_FAMILY = "1,2";
				TEST_TARGET_NAME = "Tip Calculator";
			};
			name = Debug;
		};
		27D0ADA4259C4E2200BD9A87 /* Release */ = {
			isa = XCBuildConfiguration;
			buildSettings = {
				ALWAYS_EMBED_SWIFT_STANDARD_LIBRARIES = YES;
				CODE_SIGN_STYLE = Automatic;
				INFOPLIST_FILE = "Tip CalculatorUITests/Info.plist";
				LD_RUNPATH_SEARCH_PATHS = (
					"$(inherited)",
					"@executable_path/Frameworks",
					"@loader_path/Frameworks",
				);
				PRODUCT_BUNDLE_IDENTIFIER = "memo.com.Tip-CalculatorUITests";
				PRODUCT_NAME = "$(TARGET_NAME)";
				SWIFT_VERSION = 5.0;
				TARGETED_DEVICE_FAMILY = "1,2";
				TEST_TARGET_NAME = "Tip Calculator";
			};
			name = Release;
		};
/* End XCBuildConfiguration section */

/* Begin XCConfigurationList section */
		27D0AD6D259C4E1E00BD9A87 /* Build configuration list for PBXProject "Tip Calculator" */ = {
			isa = XCConfigurationList;
			buildConfigurations = (
				27D0AD9A259C4E2200BD9A87 /* Debug */,
				27D0AD9B259C4E2200BD9A87 /* Release */,
			);
			defaultConfigurationIsVisible = 0;
			defaultConfigurationName = Release;
		};
		27D0AD9C259C4E2200BD9A87 /* Build configuration list for PBXNativeTarget "Tip Calculator" */ = {
			isa = XCConfigurationList;
			buildConfigurations = (
				27D0AD9D259C4E2200BD9A87 /* Debug */,
				27D0AD9E259C4E2200BD9A87 /* Release */,
			);
			defaultConfigurationIsVisible = 0;
			defaultConfigurationName = Release;
		};
		27D0AD9F259C4E2200BD9A87 /* Build configuration list for PBXNativeTarget "Tip CalculatorTests" */ = {
			isa = XCConfigurationList;
			buildConfigurations = (
				27D0ADA0259C4E2200BD9A87 /* Debug */,
				27D0ADA1259C4E2200BD9A87 /* Release */,
			);
			defaultConfigurationIsVisible = 0;
			defaultConfigurationName = Release;
		};
		27D0ADA2259C4E2200BD9A87 /* Build configuration list for PBXNativeTarget "Tip CalculatorUITests" */ = {
			isa = XCConfigurationList;
			buildConfigurations = (
				27D0ADA3259C4E2200BD9A87 /* Debug */,
				27D0ADA4259C4E2200BD9A87 /* Release */,
			);
			defaultConfigurationIsVisible = 0;
			defaultConfigurationName = Release;
		};
/* End XCConfigurationList section */
	};
	rootObject = 27D0AD6A259C4E1E00BD9A87 /* Project object */;
}
